{
  "name": "animated-text-letters",
  "version": "1.2.1",
  "lockfileVersion": 3,
  "requires": true,
  "packages": {
    "": {
      "name": "animated-text-letters",
      "version": "1.2.1",
      "license": "ISC",
      "devDependencies": {
        "animated-text-letters": "^1.2.1",
        "typescript": "^5.2.2"
      }
    },
    "node_modules/animated-text-letters": {
      "version": "1.2.1",
      "resolved": "https://registry.npmjs.org/animated-text-letters/-/animated-text-letters-1.2.1.tgz",
      "integrity": "sha512-2IJGWdGi98ZJJvVNSJ0L83CnQ6BZ1PKrNOGaIG/EB9eCmupTJ6lN2+fqL7g26ino0InD0vCknu64HYVdGAOkpA==",
      "dev": true
    },
    "node_modules/typescript": {
      "version": "5.2.2",
      "resolved": "https://registry.npmjs.org/typescript/-/typescript-5.2.2.tgz",
      "integrity": "sha512-mI4WrpHsbCIcwT9cF4FZvr80QUeKvsUsUvKDoR+X/7XHQH98xYD8YHZg7ANtz2GtZt/CBq2QJ0thkGJMHfqc1w==",
      "dev": true,
      "bin": {
        "tsc": "bin/tsc",
        "tsserver": "bin/tsserver"
      },
      "engines": {
        "node": ">=14.17"
      }
    }
  }
}
